// !$*UTF8*$!
{
	archiveVersion = 1;
	classes = {
	};
	objectVersion = 46;
	objects = {

/* Begin PBXBuildFile section */
		3B5986231B55F49D003AEC86 /* main.m in Sources */ = {isa = PBXBuildFile; fileRef = 3B5986221B55F49D003AEC86 /* main.m */; };
		3B5986261B55F49D003AEC86 /* AppDelegate.m in Sources */ = {isa = PBXBuildFile; fileRef = 3B5986251B55F49D003AEC86 /* AppDelegate.m */; };
		3B5986291B55F49D003AEC86 /* ViewController.m in Sources */ = {isa = PBXBuildFile; fileRef = 3B5986281B55F49D003AEC86 /* ViewController.m */; };
		3B59862C1B55F49D003AEC86 /* Main.storyboard in Resources */ = {isa = PBXBuildFile; fileRef = 3B59862A1B55F49D003AEC86 /* Main.storyboard */; };
		3B59862E1B55F49D003AEC86 /* Images.xcassets in Resources */ = {isa = PBXBuildFile; fileRef = 3B59862D1B55F49D003AEC86 /* Images.xcassets */; };
		3B5986311B55F49D003AEC86 /* LaunchScreen.xib in Resources */ = {isa = PBXBuildFile; fileRef = 3B59862F1B55F49D003AEC86 /* LaunchScreen.xib */; };
		3B59863D1B55F49D003AEC86 /* TopScrollTEstTests.m in Sources */ = {isa = PBXBuildFile; fileRef = 3B59863C1B55F49D003AEC86 /* TopScrollTEstTests.m */; };
		3B5986481B55F4FF003AEC86 /* TopMenuScrollView.m in Sources */ = {isa = PBXBuildFile; fileRef = 3B5986471B55F4FF003AEC86 /* TopMenuScrollView.m */; };
		3B59864D1B5633CC003AEC86 /* underline@2x.png in Resources */ = {isa = PBXBuildFile; fileRef = 3B59864C1B5633CC003AEC86 /* underline@2x.png */; };
/* End PBXBuildFile section */

/* Begin PBXContainerItemProxy section */
		3B5986371B55F49D003AEC86 /* PBXContainerItemProxy */ = {
			isa = PBXContainerItemProxy;
			containerPortal = 3B5986151B55F49D003AEC86 /* Project object */;
			proxyType = 1;
			remoteGlobalIDString = 3B59861C1B55F49D003AEC86;
			remoteInfo = TopScrollTEst;
		};
/* End PBXContainerItemProxy section */

/* Begin PBXFileReference section */
		3B59861D1B55F49D003AEC86 /* TopScrollTEst.app */ = {isa = PBXFileReference; explicitFileType = wrapper.application; includeInIndex = 0; path = TopScrollTEst.app; sourceTree = BUILT_PRODUCTS_DIR; };
		3B5986211B55F49D003AEC86 /* Info.plist */ = {isa = PBXFileReference; lastKnownFileType = text.plist.xml; path = Info.plist; sourceTree = "<group>"; };
		3B5986221B55F49D003AEC86 /* main.m */ = {isa = PBXFileReference; lastKnownFileType = sourcecode.c.objc; path = main.m; sourceTree = "<group>"; };
		3B5986241B55F49D003AEC86 /* AppDelegate.h */ = {isa = PBXFileReference; lastKnownFileType = sourcecode.c.h; path = AppDelegate.h; sourceTree = "<group>"; };
		3B5986251B55F49D003AEC86 /* AppDelegate.m */ = {isa = PBXFileReference; lastKnownFileType = sourcecode.c.objc; path = AppDelegate.m; sourceTree = "<group>"; };
		3B5986271B55F49D003AEC86 /* ViewController.h */ = {isa = PBXFileReference; lastKnownFileType = sourcecode.c.h; path = ViewController.h; sourceTree = "<group>"; };
		3B5986281B55F49D003AEC86 /* ViewController.m */ = {isa = PBXFileReference; lastKnownFileType = sourcecode.c.objc; path = ViewController.m; sourceTree = "<group>"; };
		3B59862B1B55F49D003AEC86 /* Base */ = {isa = PBXFileReference; lastKnownFileType = file.storyboard; name = Base; path = Base.lproj/Main.storyboard; sourceTree = "<group>"; };
		3B59862D1B55F49D003AEC86 /* Images.xcassets */ = {isa = PBXFileReference; lastKnownFileType = folder.assetcatalog; path = Images.xcassets; sourceTree = "<group>"; };
		3B5986301B55F49D003AEC86 /* Base */ = {isa = PBXFileReference; lastKnownFileType = file.xib; name = Base; path = Base.lproj/LaunchScreen.xib; sourceTree = "<group>"; };
		3B5986361B55F49D003AEC86 /* TopScrollTEstTests.xctest */ = {isa = PBXFileReference; explicitFileType = wrapper.cfbundle; includeInIndex = 0; path = TopScrollTEstTests.xctest; sourceTree = BUILT_PRODUCTS_DIR; };
		3B59863B1B55F49D003AEC86 /* Info.plist */ = {isa = PBXFileReference; lastKnownFileType = text.plist.xml; path = Info.plist; sourceTree = "<group>"; };
		3B59863C1B55F49D003AEC86 /* TopScrollTEstTests.m */ = {isa = PBXFileReference; lastKnownFileType = sourcecode.c.objc; path = TopScrollTEstTests.m; sourceTree = "<group>"; };
		3B5986461B55F4FF003AEC86 /* TopMenuScrollView.h */ = {isa = PBXFileReference; fileEncoding = 4; lastKnownFileType = sourcecode.c.h; path = TopMenuScrollView.h; sourceTree = "<group>"; };
		3B5986471B55F4FF003AEC86 /* TopMenuScrollView.m */ = {isa = PBXFileReference; fileEncoding = 4; lastKnownFileType = sourcecode.c.objc; path = TopMenuScrollView.m; sourceTree = "<group>"; };
		3B59864C1B5633CC003AEC86 /* underline@2x.png */ = {isa = PBXFileReference; lastKnownFileType = image.png; path = "underline@2x.png"; sourceTree = "<group>"; };
/* End PBXFileReference section */

/* Begin PBXFrameworksBuildPhase section */
		3B59861A1B55F49D003AEC86 /* Frameworks */ = {
			isa = PBXFrameworksBuildPhase;
			buildActionMask = 2147483647;
			files = (
			);
			runOnlyForDeploymentPostprocessing = 0;
		};
		3B5986331B55F49D003AEC86 /* Frameworks */ = {
			isa = PBXFrameworksBuildPhase;
			buildActionMask = 2147483647;
			files = (
			);
			runOnlyForDeploymentPostprocessing = 0;
		};
/* End PBXFrameworksBuildPhase section */

/* Begin PBXGroup section */
		3B5986141B55F49D003AEC86 = {
			isa = PBXGroup;
			children = (
				3B59861F1B55F49D003AEC86 /* TopScrollTEst */,
				3B5986391B55F49D003AEC86 /* TopScrollTEstTests */,
				3B59861E1B55F49D003AEC86 /* Products */,
			);
			sourceTree = "<group>";
		};
		3B59861E1B55F49D003AEC86 /* Products */ = {
			isa = PBXGroup;
			children = (
				3B59861D1B55F49D003AEC86 /* TopScrollTEst.app */,
				3B5986361B55F49D003AEC86 /* TopScrollTEstTests.xctest */,
			);
			name = Products;
			sourceTree = "<group>";
		};
		3B59861F1B55F49D003AEC86 /* TopScrollTEst */ = {
			isa = PBXGroup;
			children = (
				3B59864C1B5633CC003AEC86 /* underline@2x.png */,
				3B5986461B55F4FF003AEC86 /* TopMenuScrollView.h */,
				3B5986471B55F4FF003AEC86 /* TopMenuScrollView.m */,
				3B5986241B55F49D003AEC86 /* AppDelegate.h */,
				3B5986251B55F49D003AEC86 /* AppDelegate.m */,
				3B5986271B55F49D003AEC86 /* ViewController.h */,
				3B5986281B55F49D003AEC86 /* ViewController.m */,
				3B59862A1B55F49D003AEC86 /* Main.storyboard */,
				3B59862D1B55F49D003AEC86 /* Images.xcassets */,
				3B59862F1B55F49D003AEC86 /* LaunchScreen.xib */,
				3B5986201B55F49D003AEC86 /* Supporting Files */,
			);
			path = TopScrollTEst;
			sourceTree = "<group>";
		};
		3B5986201B55F49D003AEC86 /* Supporting Files */ = {
			isa = PBXGroup;
			children = (
				3B5986211B55F49D003AEC86 /* Info.plist */,
				3B5986221B55F49D003AEC86 /* main.m */,
			);
			name = "Supporting Files";
			sourceTree = "<group>";
		};
		3B5986391B55F49D003AEC86 /* TopScrollTEstTests */ = {
			isa = PBXGroup;
			children = (
				3B59863C1B55F49D003AEC86 /* TopScrollTEstTests.m */,
				3B59863A1B55F49D003AEC86 /* Supporting Files */,
			);
			path = TopScrollTEstTests;
			sourceTree = "<group>";
		};
		3B59863A1B55F49D003AEC86 /* Supporting Files */ = {
			isa = PBXGroup;
			children = (
				3B59863B1B55F49D003AEC86 /* Info.plist */,
			);
			name = "Supporting Files";
			sourceTree = "<group>";
		};
/* End PBXGroup section */

/* Begin PBXNativeTarget section */
		3B59861C1B55F49D003AEC86 /* TopScrollTEst */ = {
			isa = PBXNativeTarget;
			buildConfigurationList = 3B5986401B55F49D003AEC86 /* Build configuration list for PBXNativeTarget "TopScrollTEst" */;
			buildPhases = (
				3B5986191B55F49D003AEC86 /* Sources */,
				3B59861A1B55F49D003AEC86 /* Frameworks */,
				3B59861B1B55F49D003AEC86 /* Resources */,
			);
			buildRules = (
			);
			dependencies = (
			);
			name = TopScrollTEst;
			productName = TopScrollTEst;
			productReference = 3B59861D1B55F49D003AEC86 /* TopScrollTEst.app */;
			productType = "com.apple.product-type.application";
		};
		3B5986351B55F49D003AEC86 /* TopScrollTEstTests */ = {
			isa = PBXNativeTarget;
			buildConfigurationList = 3B5986431B55F49D003AEC86 /* Build configuration list for PBXNativeTarget "TopScrollTEstTests" */;
			buildPhases = (
				3B5986321B55F49D003AEC86 /* Sources */,
				3B5986331B55F49D003AEC86 /* Frameworks */,
				3B5986341B55F49D003AEC86 /* Resources */,
			);
			buildRules = (
			);
			dependencies = (
				3B5986381B55F49D003AEC86 /* PBXTargetDependency */,
			);
			name = TopScrollTEstTests;
			productName = TopScrollTEstTests;
			productReference = 3B5986361B55F49D003AEC86 /* TopScrollTEstTests.xctest */;
			productType = "com.apple.product-type.bundle.unit-test";
		};
/* End PBXNativeTarget section */

/* Begin PBXProject section */
		3B5986151B55F49D003AEC86 /* Project object */ = {
			isa = PBXProject;
			attributes = {
				LastUpgradeCheck = 0640;
				ORGANIZATIONNAME = yellomobile;
				TargetAttributes = {
					3B59861C1B55F49D003AEC86 = {
						CreatedOnToolsVersion = 6.4;
					};
					3B5986351B55F49D003AEC86 = {
						CreatedOnToolsVersion = 6.4;
						TestTargetID = 3B59861C1B55F49D003AEC86;
					};
				};
			};
			buildConfigurationList = 3B5986181B55F49D003AEC86 /* Build configuration list for PBXProject "TopScrollTEst" */;
			compatibilityVersion = "Xcode 3.2";
			developmentRegion = English;
			hasScannedForEncodings = 0;
			knownRegions = (
				en,
				Base,
			);
			mainGroup = 3B5986141B55F49D003AEC86;
			productRefGroup = 3B59861E1B55F49D003AEC86 /* Products */;
			projectDirPath = "";
			projectRoot = "";
			targets = (
				3B59861C1B55F49D003AEC86 /* TopScrollTEst */,
				3B5986351B55F49D003AEC86 /* TopScrollTEstTests */,
			);
		};
/* End PBXProject section */

/* Begin PBXResourcesBuildPhase section */
		3B59861B1B55F49D003AEC86 /* Resources */ = {
			isa = PBXResourcesBuildPhase;
			buildActionMask = 2147483647;
			files = (
				3B59862C1B55F49D003AEC86 /* Main.storyboard in Resources */,
				3B5986311B55F49D003AEC86 /* LaunchScreen.xib in Resources */,
				3B59864D1B5633CC003AEC86 /* underline@2x.png in Resources */,
				3B59862E1B55F49D003AEC86 /* Images.xcassets in Resources */,
			);
			runOnlyForDeploymentPostprocessing = 0;
		};
		3B5986341B55F49D003AEC86 /* Resources */ = {
			isa = PBXResourcesBuildPhase;
			buildActionMask = 2147483647;
			files = (
			);
			runOnlyForDeploymentPostprocessing = 0;
		};
/* End PBXResourcesBuildPhase section */

/* Begin PBXSourcesBuildPhase section */
		3B5986191B55F49D003AEC86 /* Sources */ = {
			isa = PBXSourcesBuildPhase;
			buildActionMask = 2147483647;
			files = (
				3B5986481B55F4FF003AEC86 /* TopMenuScrollView.m in Sources */,
				3B5986291B55F49D003AEC86 /* ViewController.m in Sources */,
				3B5986261B55F49D003AEC86 /* AppDelegate.m in Sources */,
				3B5986231B55F49D003AEC86 /* main.m in Sources */,
			);
			runOnlyForDeploymentPostprocessing = 0;
		};
		3B5986321B55F49D003AEC86 /* Sources */ = {
			isa = PBXSourcesBuildPhase;
			buildActionMask = 2147483647;
			files = (
				3B59863D1B55F49D003AEC86 /* TopScrollTEstTests.m in Sources */,
			);
			runOnlyForDeploymentPostprocessing = 0;
		};
/* End PBXSourcesBuildPhase section */

/* Begin PBXTargetDependency section */
		3B5986381B55F49D003AEC86 /* PBXTargetDependency */ = {
			isa = PBXTargetDependency;
			target = 3B59861C1B55F49D003AEC86 /* TopScrollTEst */;
			targetProxy = 3B5986371B55F49D003AEC86 /* PBXContainerItemProxy */;
		};
/* End PBXTargetDependency section */

/* Begin PBXVariantGroup section */
		3B59862A1B55F49D003AEC86 /* Main.storyboard */ = {
			isa = PBXVariantGroup;
			children = (
				3B59862B1B55F49D003AEC86 /* Base */,
			);
			name = Main.storyboard;
			sourceTree = "<group>";
		};
		3B59862F1B55F49D003AEC86 /* LaunchScreen.xib */ = {
			isa = PBXVariantGroup;
			children = (
				3B5986301B55F49D003AEC86 /* Base */,
			);
			name = LaunchScreen.xib;
			sourceTree = "<group>";
		};
/* End PBXVariantGroup section */

/* Begin XCBuildConfiguration section */
		3B59863E1B55F49D003AEC86 /* Debug */ = {
			isa = XCBuildConfiguration;
			buildSettings = {
				ALWAYS_SEARCH_USER_PATHS = NO;
				CLANG_CXX_LANGUAGE_STANDARD = "gnu++0x";
				CLANG_CXX_LIBRARY = "libc++";
				CLANG_ENABLE_MODULES = YES;
				CLANG_ENABLE_OBJC_ARC = YES;
				CLANG_WARN_BOOL_CONVERSION = YES;
				CLANG_WARN_CONSTANT_CONVERSION = YES;
				CLANG_WARN_DIRECT_OBJC_ISA_USAGE = YES_ERROR;
				CLANG_WARN_EMPTY_BODY = YES;
				CLANG_WARN_ENUM_CONVERSION = YES;
				CLANG_WARN_INT_CONVERSION = YES;
				CLANG_WARN_OBJC_ROOT_CLASS = YES_ERROR;
				CLANG_WARN_UNREACHABLE_CODE = YES;
				CLANG_WARN__DUPLICATE_METHOD_MATCH = YES;
				"CODE_SIGN_IDENTITY[sdk=iphoneos*]" = "iPhone Developer";
				COPY_PHASE_STRIP = NO;
				DEBUG_INFORMATION_FORMAT = "dwarf-with-dsym";
				ENABLE_STRICT_OBJC_MSGSEND = YES;
				GCC_C_LANGUAGE_STANDARD = gnu99;
				GCC_DYNAMIC_NO_PIC = NO;
				GCC_NO_COMMON_BLOCKS = YES;
				GCC_OPTIMIZATION_LEVEL = 0;
				GCC_PREPROCESSOR_DEFINITIONS = (
					"DEBUG=1",
					"$(inherited)",
				);
				GCC_SYMBOLS_PRIVATE_EXTERN = NO;
				GCC_WARN_64_TO_32_BIT_CONVERSION = YES;
				GCC_WARN_ABOUT_RETURN_TYPE = YES_ERROR;
				GCC_WARN_UNDECLARED_SELECTOR = YES;
				GCC_WARN_UNINITIALIZED_AUTOS = YES_AGGRESSIVE;
				GCC_WARN_UNUSED_FUNCTION = YES;
				GCC_WARN_UNUSED_VARIABLE = YES;
				IPHONEOS_DEPLOYMENT_TARGET = 8.4;
				MTL_ENABLE_DEBUG_INFO = YES;
				ONLY_ACTIVE_ARCH = YES;
				SDKROOT = iphoneos;
				TARGETED_DEVICE_FAMILY = "1,2";
			};
			name = Debug;
		};
		3B59863F1B55F49D003AEC86 /* Release */ = {
			isa = XCBuildConfiguration;
			buildSettings = {
				ALWAYS_SEARCH_USER_PATHS = NO;
				CLANG_CXX_LANGUAGE_STANDARD = "gnu++0x";
				CLANG_CXX_LIBRARY = "libc++";
				CLANG_ENABLE_MODULES = YES;
				CLANG_ENABLE_OBJC_ARC = YES;
				CLANG_WARN_BOOL_CONVERSION = YES;
				CLANG_WARN_CONSTANT_CONVERSION = YES;
				CLANG_WARN_DIRECT_OBJC_ISA_USAGE = YES_ERROR;
				CLANG_WARN_EMPTY_BODY = YES;
				CLANG_WARN_ENUM_CONVERSION = YES;
				CLANG_WARN_INT_CONVERSION = YES;
				CLANG_WARN_OBJC_ROOT_CLASS = YES_ERROR;
				CLANG_WARN_UNREACHABLE_CODE = YES;
				CLANG_WARN__DUPLICATE_METHOD_MATCH = YES;
				"CODE_SIGN_IDENTITY[sdk=iphoneos*]" = "iPhone Developer";
				COPY_PHASE_STRIP = NO;
				DEBUG_INFORMATION_FORMAT = "dwarf-with-dsym";
				ENABLE_NS_ASSERTIONS = NO;
				ENABLE_STRICT_OBJC_MSGSEND = YES;
				GCC_C_LANGUAGE_STANDARD = gnu99;
				GCC_NO_COMMON_BLOCKS = YES;
				GCC_WARN_64_TO_32_BIT_CONVERSION = YES;
				GCC_WARN_ABOUT_RETURN_TYPE = YES_ERROR;
				GCC_WARN_UNDECLARED_SELECTOR = YES;
				GCC_WARN_UNINITIALIZED_AUTOS = YES_AGGRESSIVE;
				GCC_WARN_UNUSED_FUNCTION = YES;
				GCC_WARN_UNUSED_VARIABLE = YES;
				IPHONEOS_DEPLOYMENT_TARGET = 8.4;
				MTL_ENABLE_DEBUG_INFO = NO;
				SDKROOT = iphoneos;
				TARGETED_DEVICE_FAMILY = "1,2";
				VALIDATE_PRODUCT = YES;
			};
			name = Release;
		};
		3B5986411B55F49D003AEC86 /* Debug */ = {
			isa = XCBuildConfiguration;
			buildSettings = {
				ASSETCATALOG_COMPILER_APPICON_NAME = AppIcon;
				INFOPLIST_FILE = TopScrollTEst/Info.plist;
				LD_RUNPATH_SEARCH_PATHS = "$(inherited) @executable_path/Frameworks";
				PRODUCT_NAME = "$(TARGET_NAME)";
			};
			name = Debug;
		};
		3B5986421B55F49D003AEC86 /* Release */ = {
			isa = XCBuildConfiguration;
			buildSettings = {
				ASSETCATALOG_COMPILER_APPICON_NAME = AppIcon;
				INFOPLIST_FILE = TopScrollTEst/Info.plist;
				LD_RUNPATH_SEARCH_PATHS = "$(inherited) @executable_path/Frameworks";
				PRODUCT_NAME = "$(TARGET_NAME)";
			};
			name = Release;
		};
		3B5986441B55F49D003AEC86 /* Debug */ = {
			isa = XCBuildConfiguration;
			buildSettings = {
				BUNDLE_LOADER = "$(TEST_HOST)";
				FRAMEWORK_SEARCH_PATHS = (
					"$(SDKROOT)/Developer/Library/Frameworks",
					"$(inherited)",
				);
				GCC_PREPROCESSOR_DEFINITIONS = (
					"DEBUG=1",
					"$(inherited)",
				);
				INFOPLIST_FILE = TopScrollTEstTests/Info.plist;
				LD_RUNPATH_SEARCH_PATHS = "$(inherited) @executable_path/Frameworks @loader_path/Frameworks";
				PRODUCT_NAME = "$(TARGET_NAME)";
				TEST_HOST = "$(BUILT_PRODUCTS_DIR)/TopScrollTEst.app/TopScrollTEst";
			};
			name = Debug;
		};
		3B5986451B55F49D003AEC86 /* Release */ = {
			isa = XCBuildConfiguration;
			buildSettings = {
				BUNDLE_LOADER = "$(TEST_HOST)";
				FRAMEWORK_SEARCH_PATHS = (
					"$(SDKROOT)/Developer/Library/Frameworks",
					"$(inherited)",
				);
				INFOPLIST_FILE = TopScrollTEstTests/Info.plist;
				LD_RUNPATH_SEARCH_PATHS = "$(inherited) @executable_path/Frameworks @loader_path/Frameworks";
				PRODUCT_NAME = "$(TARGET_NAME)";
				TEST_HOST = "$(BUILT_PRODUCTS_DIR)/TopScrollTEst.app/TopScrollTEst";
			};
			name = Release;
		};
/* End XCBuildConfiguration section */

/* Begin XCConfigurationList section */
		3B5986181B55F49D003AEC86 /* Build configuration list for PBXProject "TopScrollTEst" */ = {
			isa = XCConfigurationList;
			buildConfigurations = (
				3B59863E1B55F49D003AEC86 /* Debug */,
				3B59863F1B55F49D003AEC86 /* Release */,
			);
			defaultConfigurationIsVisible = 0;
			defaultConfigurationName = Release;
		};
		3B5986401B55F49D003AEC86 /* Build configuration list for PBXNativeTarget "TopScrollTEst" */ = {
			isa = XCConfigurationList;
			buildConfigurations = (
				3B5986411B55F49D003AEC86 /* Debug */,
				3B5986421B55F49D003AEC86 /* Release */,
			);
			defaultConfigurationIsVisible = 0;
		};
		3B5986431B55F49D003AEC86 /* Build configuration list for PBXNativeTarget "TopScrollTEstTests" */ = {
			isa = XCConfigurationList;
			buildConfigurations = (
				3B5986441B55F49D003AEC86 /* Debug */,
				3B5986451B55F49D003AEC86 /* Release */,
			);
			defaultConfigurationIsVisible = 0;
		};
/* End XCConfigurationList section */
	};
	rootObject = 3B5986151B55F49D003AEC86 /* Project object */;
}
